// !$*UTF8*$!
{
	archiveVersion = 1;
	classes = {
	};
	objectVersion = 46;
	objects = {

/* Begin PBXBuildFile section */
		1473288B17FE61B9004FA7FE /* FastServerSocket.m in Sources */ = {isa = PBXBuildFile; fileRef = 1473288817FE61B9004FA7FE /* FastServerSocket.m */; };
		1473288C17FE61B9004FA7FE /* FastSocket.m in Sources */ = {isa = PBXBuildFile; fileRef = 1473288A17FE61B9004FA7FE /* FastSocket.m */; };
		14BD7A9B17FF177200D4F84A /* Beacon.mm in Sources */ = {isa = PBXBuildFile; fileRef = 14BD7A9A17FF177200D4F84A /* Beacon.mm */; };
		14BD7A9D17FF18E500D4F84A /* CoreLocation.framework in Frameworks */ = {isa = PBXBuildFile; fileRef = 14BD7A9C17FF18E500D4F84A /* CoreLocation.framework */; };
		14BD7A9F17FF18EB00D4F84A /* CoreBluetooth.framework in Frameworks */ = {isa = PBXBuildFile; fileRef = 14BD7A9E17FF18EB00D4F84A /* CoreBluetooth.framework */; };
		14BD7AA117FF22E000D4F84A /* AwesomenessView.xib in Resources */ = {isa = PBXBuildFile; fileRef = 14BD7AA017FF22E000D4F84A /* AwesomenessView.xib */; };
		14BD7AA317FF237400D4F84A /* michael_cohn.jpg in Resources */ = {isa = PBXBuildFile; fileRef = 14BD7AA217FF237400D4F84A /* michael_cohn.jpg */; };
		14BD7ABA17FF254B00D4F84A /* Hotdog.png in Resources */ = {isa = PBXBuildFile; fileRef = 14BD7AA417FF254B00D4F84A /* Hotdog.png */; };
		14BD7ABB17FF254B00D4F84A /* Hotdog@2x.png in Resources */ = {isa = PBXBuildFile; fileRef = 14BD7AA517FF254B00D4F84A /* Hotdog@2x.png */; };
		14BD7ABC17FF254B00D4F84A /* FrontRoom.png in Resources */ = {isa = PBXBuildFile; fileRef = 14BD7AA617FF254B00D4F84A /* FrontRoom.png */; };
		14BD7ABD17FF254B00D4F84A /* FrontRoom@2x.png in Resources */ = {isa = PBXBuildFile; fileRef = 14BD7AA717FF254B00D4F84A /* FrontRoom@2x.png */; };
		14BD7ABE17FF254B00D4F84A /* Starbucks.png in Resources */ = {isa = PBXBuildFile; fileRef = 14BD7AA817FF254B00D4F84A /* Starbucks.png */; };
		14BD7ABF17FF254B00D4F84A /* Starbucks@2x.png in Resources */ = {isa = PBXBuildFile; fileRef = 14BD7AA917FF254B00D4F84A /* Starbucks@2x.png */; };
		14BD7AC017FF254B00D4F84A /* Boardroom.png in Resources */ = {isa = PBXBuildFile; fileRef = 14BD7AAA17FF254B00D4F84A /* Boardroom.png */; };
		14BD7AC117FF254B00D4F84A /* Boardroom@2x.png in Resources */ = {isa = PBXBuildFile; fileRef = 14BD7AAB17FF254B00D4F84A /* Boardroom@2x.png */; };
		14BD7AC217FF254B00D4F84A /* Engineering.png in Resources */ = {isa = PBXBuildFile; fileRef = 14BD7AAC17FF254B00D4F84A /* Engineering.png */; };
		14BD7AC317FF254B00D4F84A /* Engineering@2x.png in Resources */ = {isa = PBXBuildFile; fileRef = 14BD7AAD17FF254B00D4F84A /* Engineering@2x.png */; };
		14BD7AC417FF254B00D4F84A /* WestLoop.png in Resources */ = {isa = PBXBuildFile; fileRef = 14BD7AAE17FF254B00D4F84A /* WestLoop.png */; };
		14BD7AC517FF254B00D4F84A /* WestLoop@2x.png in Resources */ = {isa = PBXBuildFile; fileRef = 14BD7AAF17FF254B00D4F84A /* WestLoop@2x.png */; };
		14BD7AC617FF254B00D4F84A /* Lakeview.png in Resources */ = {isa = PBXBuildFile; fileRef = 14BD7AB017FF254B00D4F84A /* Lakeview.png */; };
		14BD7AC717FF254B00D4F84A /* Lakeview@2x.png in Resources */ = {isa = PBXBuildFile; fileRef = 14BD7AB117FF254B00D4F84A /* Lakeview@2x.png */; };
		14BD7AC817FF254B00D4F84A /* SouthLoop.png in Resources */ = {isa = PBXBuildFile; fileRef = 14BD7AB217FF254B00D4F84A /* SouthLoop.png */; };
		14BD7AC917FF254B00D4F84A /* SouthLoop@2x.png in Resources */ = {isa = PBXBuildFile; fileRef = 14BD7AB317FF254B00D4F84A /* SouthLoop@2x.png */; };
		14BD7ACA17FF254B00D4F84A /* Streeterville.png in Resources */ = {isa = PBXBuildFile; fileRef = 14BD7AB417FF254B00D4F84A /* Streeterville.png */; };
		14BD7ACB17FF254B00D4F84A /* RiverEast@2x.png in Resources */ = {isa = PBXBuildFile; fileRef = 14BD7AB517FF254B00D4F84A /* RiverEast@2x.png */; };
		14BD7ACC17FF254B00D4F84A /* Streeterville@2x.png in Resources */ = {isa = PBXBuildFile; fileRef = 14BD7AB617FF254B00D4F84A /* Streeterville@2x.png */; };
		14BD7ACD17FF254B00D4F84A /* LincolnPark.png in Resources */ = {isa = PBXBuildFile; fileRef = 14BD7AB717FF254B00D4F84A /* LincolnPark.png */; };
		14BD7ACE17FF254B00D4F84A /* LincolnPark@2x.png in Resources */ = {isa = PBXBuildFile; fileRef = 14BD7AB817FF254B00D4F84A /* LincolnPark@2x.png */; };
		14BD7ACF17FF254B00D4F84A /* RiverEast.png in Resources */ = {isa = PBXBuildFile; fileRef = 14BD7AB917FF254B00D4F84A /* RiverEast.png */; };
		4F2DA20317FF339700FA0FE5 /* robbie.jpg in Resources */ = {isa = PBXBuildFile; fileRef = 4F2DA20217FF339700FA0FE5 /* robbie.jpg */; };
		4F86097417FE75910041D168 /* JohnW.jpg in Resources */ = {isa = PBXBuildFile; fileRef = 4F86097317FE75910041D168 /* JohnW.jpg */; };
		4F86097717FEF1090041D168 /* Meetings.xib in Resources */ = {isa = PBXBuildFile; fileRef = 4F86097517FEF1090041D168 /* Meetings.xib */; };
		4F86097817FEF1090041D168 /* Twitter.xib in Resources */ = {isa = PBXBuildFile; fileRef = 4F86097617FEF1090041D168 /* Twitter.xib */; };
		4F86097B17FEF3DD0041D168 /* ClockLabel.m in Sources */ = {isa = PBXBuildFile; fileRef = 4F86097A17FEF3DD0041D168 /* ClockLabel.m */; };
		4F86097D17FF056A0041D168 /* sad.png in Resources */ = {isa = PBXBuildFile; fileRef = 4F86097C17FF056A0041D168 /* sad.png */; };
		4F86097F17FF05DB0041D168 /* Goodbye.xib in Resources */ = {isa = PBXBuildFile; fileRef = 4F86097E17FF05DB0041D168 /* Goodbye.xib */; };
		4F86098117FF064E0041D168 /* Welcome.xib in Resources */ = {isa = PBXBuildFile; fileRef = 4F86098017FF064E0041D168 /* Welcome.xib */; };
		4F86098417FF07410041D168 /* SmartWelcomeView.mm in Sources */ = {isa = PBXBuildFile; fileRef = 4F86098317FF07410041D168 /* SmartWelcomeView.mm */; };
		4F86098717FF267C0041D168 /* WelcomeViewController.m in Sources */ = {isa = PBXBuildFile; fileRef = 4F86098617FF267C0041D168 /* WelcomeViewController.m */; };
		4F86098917FF27FB0041D168 /* New-York-City-Skyline.jpg in Resources */ = {isa = PBXBuildFile; fileRef = 4F86098817FF27FB0041D168 /* New-York-City-Skyline.jpg */; };
		4FF9BD9917FE2D3000E27011 /* Foundation.framework in Frameworks */ = {isa = PBXBuildFile; fileRef = 4FF9BD9817FE2D3000E27011 /* Foundation.framework */; };
		4FF9BD9B17FE2D3000E27011 /* CoreGraphics.framework in Frameworks */ = {isa = PBXBuildFile; fileRef = 4FF9BD9A17FE2D3000E27011 /* CoreGraphics.framework */; };
		4FF9BD9D17FE2D3000E27011 /* UIKit.framework in Frameworks */ = {isa = PBXBuildFile; fileRef = 4FF9BD9C17FE2D3000E27011 /* UIKit.framework */; };
		4FF9BDA317FE2D3000E27011 /* InfoPlist.strings in Resources */ = {isa = PBXBuildFile; fileRef = 4FF9BDA117FE2D3000E27011 /* InfoPlist.strings */; };
		4FF9BDA517FE2D3000E27011 /* main.m in Sources */ = {isa = PBXBuildFile; fileRef = 4FF9BDA417FE2D3000E27011 /* main.m */; };
		4FF9BDA917FE2D3000E27011 /* HubAppDelegate.m in Sources */ = {isa = PBXBuildFile; fileRef = 4FF9BDA817FE2D3000E27011 /* HubAppDelegate.m */; };
		4FF9BDAC17FE2D3000E27011 /* Main.storyboard in Resources */ = {isa = PBXBuildFile; fileRef = 4FF9BDAA17FE2D3000E27011 /* Main.storyboard */; };
		4FF9BDAF17FE2D3000E27011 /* HubViewController.m in Sources */ = {isa = PBXBuildFile; fileRef = 4FF9BDAE17FE2D3000E27011 /* HubViewController.m */; };
		4FF9BDB117FE2D3000E27011 /* Images.xcassets in Resources */ = {isa = PBXBuildFile; fileRef = 4FF9BDB017FE2D3000E27011 /* Images.xcassets */; };
		4FF9BDB817FE2D3000E27011 /* XCTest.framework in Frameworks */ = {isa = PBXBuildFile; fileRef = 4FF9BDB717FE2D3000E27011 /* XCTest.framework */; };
		4FF9BDB917FE2D3000E27011 /* Foundation.framework in Frameworks */ = {isa = PBXBuildFile; fileRef = 4FF9BD9817FE2D3000E27011 /* Foundation.framework */; };
		4FF9BDBA17FE2D3000E27011 /* UIKit.framework in Frameworks */ = {isa = PBXBuildFile; fileRef = 4FF9BD9C17FE2D3000E27011 /* UIKit.framework */; };
		4FF9BDC217FE2D3000E27011 /* InfoPlist.strings in Resources */ = {isa = PBXBuildFile; fileRef = 4FF9BDC017FE2D3000E27011 /* InfoPlist.strings */; };
		4FF9BDC417FE2D3000E27011 /* SmartHubTests.m in Sources */ = {isa = PBXBuildFile; fileRef = 4FF9BDC317FE2D3000E27011 /* SmartHubTests.m */; };
		4FF9BDE517FE2EB500E27011 /* WeatherView.xib in Resources */ = {isa = PBXBuildFile; fileRef = 4FF9BDE417FE2EB500E27011 /* WeatherView.xib */; };
		4FF9BE0A17FE5A9900E27011 /* DA_Animator.mm in Sources */ = {isa = PBXBuildFile; fileRef = 4FF9BDFB17FE5A9900E27011 /* DA_Animator.mm */; };
		4FF9BE0B17FE5A9900E27011 /* DA_ScrollView.mm in Sources */ = {isa = PBXBuildFile; fileRef = 4FF9BDFD17FE5A9900E27011 /* DA_ScrollView.mm */; };
		4FF9BE0C17FE5A9900E27011 /* DA_View.mm in Sources */ = {isa = PBXBuildFile; fileRef = 4FF9BDFF17FE5A9900E27011 /* DA_View.mm */; };
		4FF9BE0D17FE5A9900E27011 /* DynamicAnimator.mm in Sources */ = {isa = PBXBuildFile; fileRef = 4FF9BE0117FE5A9900E27011 /* DynamicAnimator.mm */; };
		4FF9BE0E17FE5A9900E27011 /* DynamicScrollView.mm in Sources */ = {isa = PBXBuildFile; fileRef = 4FF9BE0317FE5A9900E27011 /* DynamicScrollView.mm */; };
		4FF9BE0F17FE5A9900E27011 /* FullscreenBounceAnimator.mm in Sources */ = {isa = PBXBuildFile; fileRef = 4FF9BE0517FE5A9900E27011 /* FullscreenBounceAnimator.mm */; };
		4FF9BE1017FE5A9900E27011 /* SmartView.mm in Sources */ = {isa = PBXBuildFile; fileRef = 4FF9BE0717FE5A9900E27011 /* SmartView.mm */; };
		4FF9BE1117FE5A9900E27011 /* ThumbnailAnimator.mm in Sources */ = {isa = PBXBuildFile; fileRef = 4FF9BE0917FE5A9900E27011 /* ThumbnailAnimator.mm */; };
		4FF9BE1417FE5AC600E27011 /* EmployeeSpotlightView.xib in Resources */ = {isa = PBXBuildFile; fileRef = 4FF9BE1217FE5AC600E27011 /* EmployeeSpotlightView.xib */; };
		4FF9BE1E17FE678000E27011 /* Partly-Cloudy-icon.png in Resources */ = {isa = PBXBuildFile; fileRef = 4FF9BE1B17FE678000E27011 /* Partly-Cloudy-icon.png */; };
		4FF9BE1F17FE678000E27011 /* RyanS.jpg in Resources */ = {isa = PBXBuildFile; fileRef = 4FF9BE1C17FE678000E27011 /* RyanS.jpg */; };
		4FF9BE2017FE678000E27011 /* solsticelogo@2x.png in Resources */ = {isa = PBXBuildFile; fileRef = 4FF9BE1D17FE678000E27011 /* solsticelogo@2x.png */; };
/* End PBXBuildFile section */

/* Begin PBXContainerItemProxy section */
		4FF9BDBB17FE2D3000E27011 /* PBXContainerItemProxy */ = {
			isa = PBXContainerItemProxy;
			containerPortal = 4FF9BD8D17FE2D3000E27011 /* Project object */;
			proxyType = 1;
			remoteGlobalIDString = 4FF9BD9417FE2D3000E27011;
			remoteInfo = SmartHub;
		};
/* End PBXContainerItemProxy section */

/* Begin PBXFileReference section */
		1473288717FE61B9004FA7FE /* FastServerSocket.h */ = {isa = PBXFileReference; fileEncoding = 4; lastKnownFileType = sourcecode.c.h; path = FastServerSocket.h; sourceTree = "<group>"; };
		1473288817FE61B9004FA7FE /* FastServerSocket.m */ = {isa = PBXFileReference; fileEncoding = 4; lastKnownFileType = sourcecode.c.objc; path = FastServerSocket.m; sourceTree = "<group>"; };
		1473288917FE61B9004FA7FE /* FastSocket.h */ = {isa = PBXFileReference; fileEncoding = 4; lastKnownFileType = sourcecode.c.h; path = FastSocket.h; sourceTree = "<group>"; };
		1473288A17FE61B9004FA7FE /* FastSocket.m */ = {isa = PBXFileReference; fileEncoding = 4; lastKnownFileType = sourcecode.c.objc; path = FastSocket.m; sourceTree = "<group>"; };
		14BD7A9917FF177200D4F84A /* Beacon.h */ = {isa = PBXFileReference; fileEncoding = 4; lastKnownFileType = sourcecode.c.h; path = Beacon.h; sourceTree = "<group>"; };
		14BD7A9A17FF177200D4F84A /* Beacon.mm */ = {isa = PBXFileReference; fileEncoding = 4; lastKnownFileType = sourcecode.cpp.objcpp; path = Beacon.mm; sourceTree = "<group>"; };
		14BD7A9C17FF18E500D4F84A /* CoreLocation.framework */ = {isa = PBXFileReference; lastKnownFileType = wrapper.framework; name = CoreLocation.framework; path = System/Library/Frameworks/CoreLocation.framework; sourceTree = SDKROOT; };
		14BD7A9E17FF18EB00D4F84A /* CoreBluetooth.framework */ = {isa = PBXFileReference; lastKnownFileType = wrapper.framework; name = CoreBluetooth.framework; path = System/Library/Frameworks/CoreBluetooth.framework; sourceTree = SDKROOT; };
		14BD7AA017FF22E000D4F84A /* AwesomenessView.xib */ = {isa = PBXFileReference; fileEncoding = 4; lastKnownFileType = file.xib; name = AwesomenessView.xib; path = SmartHub/AwesomenessView.xib; sourceTree = "<group>"; };
		14BD7AA217FF237400D4F84A /* michael_cohn.jpg */ = {isa = PBXFileReference; lastKnownFileType = image.jpeg; path = michael_cohn.jpg; sourceTree = "<group>"; };
		14BD7AA417FF254B00D4F84A /* Hotdog.png */ = {isa = PBXFileReference; lastKnownFileType = image.png; path = Hotdog.png; sourceTree = "<group>"; };
		14BD7AA517FF254B00D4F84A /* Hotdog@2x.png */ = {isa = PBXFileReference; lastKnownFileType = image.png; path = "Hotdog@2x.png"; sourceTree = "<group>"; };
		14BD7AA617FF254B00D4F84A /* FrontRoom.png */ = {isa = PBXFileReference; lastKnownFileType = image.png; path = FrontRoom.png; sourceTree = "<group>"; };
		14BD7AA717FF254B00D4F84A /* FrontRoom@2x.png */ = {isa = PBXFileReference; lastKnownFileType = image.png; path = "FrontRoom@2x.png"; sourceTree = "<group>"; };
		14BD7AA817FF254B00D4F84A /* Starbucks.png */ = {isa = PBXFileReference; lastKnownFileType = image.png; path = Starbucks.png; sourceTree = "<group>"; };
		14BD7AA917FF254B00D4F84A /* Starbucks@2x.png */ = {isa = PBXFileReference; lastKnownFileType = image.png; path = "Starbucks@2x.png"; sourceTree = "<group>"; };
		14BD7AAA17FF254B00D4F84A /* Boardroom.png */ = {isa = PBXFileReference; lastKnownFileType = image.png; path = Boardroom.png; sourceTree = "<group>"; };
		14BD7AAB17FF254B00D4F84A /* Boardroom@2x.png */ = {isa = PBXFileReference; lastKnownFileType = image.png; path = "Boardroom@2x.png"; sourceTree = "<group>"; };
		14BD7AAC17FF254B00D4F84A /* Engineering.png */ = {isa = PBXFileReference; lastKnownFileType = image.png; path = Engineering.png; sourceTree = "<group>"; };
		14BD7AAD17FF254B00D4F84A /* Engineering@2x.png */ = {isa = PBXFileReference; lastKnownFileType = image.png; path = "Engineering@2x.png"; sourceTree = "<group>"; };
		14BD7AAE17FF254B00D4F84A /* WestLoop.png */ = {isa = PBXFileReference; lastKnownFileType = image.png; path = WestLoop.png; sourceTree = "<group>"; };
		14BD7AAF17FF254B00D4F84A /* WestLoop@2x.png */ = {isa = PBXFileReference; lastKnownFileType = image.png; path = "WestLoop@2x.png"; sourceTree = "<group>"; };
		14BD7AB017FF254B00D4F84A /* Lakeview.png */ = {isa = PBXFileReference; lastKnownFileType = image.png; path = Lakeview.png; sourceTree = "<group>"; };
		14BD7AB117FF254B00D4F84A /* Lakeview@2x.png */ = {isa = PBXFileReference; lastKnownFileType = image.png; path = "Lakeview@2x.png"; sourceTree = "<group>"; };
		14BD7AB217FF254B00D4F84A /* SouthLoop.png */ = {isa = PBXFileReference; lastKnownFileType = image.png; path = SouthLoop.png; sourceTree = "<group>"; };
		14BD7AB317FF254B00D4F84A /* SouthLoop@2x.png */ = {isa = PBXFileReference; lastKnownFileType = image.png; path = "SouthLoop@2x.png"; sourceTree = "<group>"; };
		14BD7AB417FF254B00D4F84A /* Streeterville.png */ = {isa = PBXFileReference; lastKnownFileType = image.png; path = Streeterville.png; sourceTree = "<group>"; };
		14BD7AB517FF254B00D4F84A /* RiverEast@2x.png */ = {isa = PBXFileReference; lastKnownFileType = image.png; path = "RiverEast@2x.png"; sourceTree = "<group>"; };
		14BD7AB617FF254B00D4F84A /* Streeterville@2x.png */ = {isa = PBXFileReference; lastKnownFileType = image.png; path = "Streeterville@2x.png"; sourceTree = "<group>"; };
		14BD7AB717FF254B00D4F84A /* LincolnPark.png */ = {isa = PBXFileReference; lastKnownFileType = image.png; path = LincolnPark.png; sourceTree = "<group>"; };
		14BD7AB817FF254B00D4F84A /* LincolnPark@2x.png */ = {isa = PBXFileReference; lastKnownFileType = image.png; path = "LincolnPark@2x.png"; sourceTree = "<group>"; };
		14BD7AB917FF254B00D4F84A /* RiverEast.png */ = {isa = PBXFileReference; lastKnownFileType = image.png; path = RiverEast.png; sourceTree = "<group>"; };
		4F2DA20217FF339700FA0FE5 /* robbie.jpg */ = {isa = PBXFileReference; lastKnownFileType = image.jpeg; name = robbie.jpg; path = SmartHub/images/robbie.jpg; sourceTree = "<group>"; };
		4F86097317FE75910041D168 /* JohnW.jpg */ = {isa = PBXFileReference; lastKnownFileType = image.jpeg; name = JohnW.jpg; path = SmartHub/images/JohnW.jpg; sourceTree = "<group>"; };
		4F86097517FEF1090041D168 /* Meetings.xib */ = {isa = PBXFileReference; fileEncoding = 4; lastKnownFileType = file.xib; name = Meetings.xib; path = SmartHub/Meetings.xib; sourceTree = "<group>"; };
		4F86097617FEF1090041D168 /* Twitter.xib */ = {isa = PBXFileReference; fileEncoding = 4; lastKnownFileType = file.xib; name = Twitter.xib; path = SmartHub/Twitter.xib; sourceTree = "<group>"; };
		4F86097917FEF3DD0041D168 /* ClockLabel.h */ = {isa = PBXFileReference; fileEncoding = 4; lastKnownFileType = sourcecode.c.h; path = ClockLabel.h; sourceTree = "<group>"; };
		4F86097A17FEF3DD0041D168 /* ClockLabel.m */ = {isa = PBXFileReference; fileEncoding = 4; lastKnownFileType = sourcecode.c.objc; path = ClockLabel.m; sourceTree = "<group>"; };
		4F86097C17FF056A0041D168 /* sad.png */ = {isa = PBXFileReference; lastKnownFileType = image.png; name = sad.png; path = SmartHub/images/sad.png; sourceTree = "<group>"; };
		4F86097E17FF05DB0041D168 /* Goodbye.xib */ = {isa = PBXFileReference; fileEncoding = 4; lastKnownFileType = file.xib; name = Goodbye.xib; path = SmartHub/Goodbye.xib; sourceTree = "<group>"; };
		4F86098017FF064E0041D168 /* Welcome.xib */ = {isa = PBXFileReference; fileEncoding = 4; lastKnownFileType = file.xib; name = Welcome.xib; path = SmartHub/Welcome.xib; sourceTree = "<group>"; };
		4F86098217FF07410041D168 /* SmartWelcomeView.h */ = {isa = PBXFileReference; fileEncoding = 4; lastKnownFileType = sourcecode.c.h; name = SmartWelcomeView.h; path = SmartScrollView/SmartWelcomeView.h; sourceTree = "<group>"; };
		4F86098317FF07410041D168 /* SmartWelcomeView.mm */ = {isa = PBXFileReference; fileEncoding = 4; lastKnownFileType = sourcecode.cpp.objcpp; name = SmartWelcomeView.mm; path = SmartScrollView/SmartWelcomeView.mm; sourceTree = "<group>"; };
		4F86098517FF267C0041D168 /* WelcomeViewController.h */ = {isa = PBXFileReference; fileEncoding = 4; lastKnownFileType = sourcecode.c.h; path = WelcomeViewController.h; sourceTree = "<group>"; };
		4F86098617FF267C0041D168 /* WelcomeViewController.m */ = {isa = PBXFileReference; fileEncoding = 4; lastKnownFileType = sourcecode.c.objc; path = WelcomeViewController.m; sourceTree = "<group>"; };
		4F86098817FF27FB0041D168 /* New-York-City-Skyline.jpg */ = {isa = PBXFileReference; lastKnownFileType = image.jpeg; name = "New-York-City-Skyline.jpg"; path = "SmartHub/images/New-York-City-Skyline.jpg"; sourceTree = "<group>"; };
		4FF9BD9517FE2D3000E27011 /* SmartHub.app */ = {isa = PBXFileReference; explicitFileType = wrapper.application; includeInIndex = 0; path = SmartHub.app; sourceTree = BUILT_PRODUCTS_DIR; };
		4FF9BD9817FE2D3000E27011 /* Foundation.framework */ = {isa = PBXFileReference; lastKnownFileType = wrapper.framework; name = Foundation.framework; path = System/Library/Frameworks/Foundation.framework; sourceTree = SDKROOT; };
		4FF9BD9A17FE2D3000E27011 /* CoreGraphics.framework */ = {isa = PBXFileReference; lastKnownFileType = wrapper.framework; name = CoreGraphics.framework; path = System/Library/Frameworks/CoreGraphics.framework; sourceTree = SDKROOT; };
		4FF9BD9C17FE2D3000E27011 /* UIKit.framework */ = {isa = PBXFileReference; lastKnownFileType = wrapper.framework; name = UIKit.framework; path = System/Library/Frameworks/UIKit.framework; sourceTree = SDKROOT; };
		4FF9BDA017FE2D3000E27011 /* SmartHub-Info.plist */ = {isa = PBXFileReference; lastKnownFileType = text.plist.xml; path = "SmartHub-Info.plist"; sourceTree = "<group>"; };
		4FF9BDA217FE2D3000E27011 /* en */ = {isa = PBXFileReference; lastKnownFileType = text.plist.strings; name = en; path = en.lproj/InfoPlist.strings; sourceTree = "<group>"; };
		4FF9BDA417FE2D3000E27011 /* main.m */ = {isa = PBXFileReference; lastKnownFileType = sourcecode.c.objc; path = main.m; sourceTree = "<group>"; };
		4FF9BDA617FE2D3000E27011 /* SmartHub-Prefix.pch */ = {isa = PBXFileReference; lastKnownFileType = sourcecode.c.h; path = "SmartHub-Prefix.pch"; sourceTree = "<group>"; };
		4FF9BDA717FE2D3000E27011 /* HubAppDelegate.h */ = {isa = PBXFileReference; lastKnownFileType = sourcecode.c.h; path = HubAppDelegate.h; sourceTree = "<group>"; };
		4FF9BDA817FE2D3000E27011 /* HubAppDelegate.m */ = {isa = PBXFileReference; lastKnownFileType = sourcecode.c.objc; path = HubAppDelegate.m; sourceTree = "<group>"; };
		4FF9BDAB17FE2D3000E27011 /* Base */ = {isa = PBXFileReference; lastKnownFileType = file.storyboard; name = Base; path = Base.lproj/Main.storyboard; sourceTree = "<group>"; };
		4FF9BDAD17FE2D3000E27011 /* HubViewController.h */ = {isa = PBXFileReference; lastKnownFileType = sourcecode.c.h; path = HubViewController.h; sourceTree = "<group>"; };
		4FF9BDAE17FE2D3000E27011 /* HubViewController.m */ = {isa = PBXFileReference; lastKnownFileType = sourcecode.c.objc; path = HubViewController.m; sourceTree = "<group>"; };
		4FF9BDB017FE2D3000E27011 /* Images.xcassets */ = {isa = PBXFileReference; lastKnownFileType = folder.assetcatalog; path = Images.xcassets; sourceTree = "<group>"; };
		4FF9BDB617FE2D3000E27011 /* SmartHubTests.xctest */ = {isa = PBXFileReference; explicitFileType = wrapper.cfbundle; includeInIndex = 0; path = SmartHubTests.xctest; sourceTree = BUILT_PRODUCTS_DIR; };
		4FF9BDB717FE2D3000E27011 /* XCTest.framework */ = {isa = PBXFileReference; lastKnownFileType = wrapper.framework; name = XCTest.framework; path = Library/Frameworks/XCTest.framework; sourceTree = DEVELOPER_DIR; };
		4FF9BDBF17FE2D3000E27011 /* SmartHubTests-Info.plist */ = {isa = PBXFileReference; lastKnownFileType = text.plist.xml; path = "SmartHubTests-Info.plist"; sourceTree = "<group>"; };
		4FF9BDC117FE2D3000E27011 /* en */ = {isa = PBXFileReference; lastKnownFileType = text.plist.strings; name = en; path = en.lproj/InfoPlist.strings; sourceTree = "<group>"; };
		4FF9BDC317FE2D3000E27011 /* SmartHubTests.m */ = {isa = PBXFileReference; lastKnownFileType = sourcecode.c.objc; path = SmartHubTests.m; sourceTree = "<group>"; };
		4FF9BDE417FE2EB500E27011 /* WeatherView.xib */ = {isa = PBXFileReference; fileEncoding = 4; lastKnownFileType = file.xib; name = WeatherView.xib; path = SmartHub/WeatherView.xib; sourceTree = "<group>"; };
		4FF9BDFA17FE5A9900E27011 /* DA_Animator.hpp */ = {isa = PBXFileReference; fileEncoding = 4; lastKnownFileType = sourcecode.cpp.h; name = DA_Animator.hpp; path = SmartHub/SmartScrollView/DA_Animator.hpp; sourceTree = "<group>"; };
		4FF9BDFB17FE5A9900E27011 /* DA_Animator.mm */ = {isa = PBXFileReference; fileEncoding = 4; lastKnownFileType = sourcecode.cpp.objcpp; name = DA_Animator.mm; path = SmartHub/SmartScrollView/DA_Animator.mm; sourceTree = "<group>"; };
		4FF9BDFC17FE5A9900E27011 /* DA_ScrollView.hpp */ = {isa = PBXFileReference; fileEncoding = 4; lastKnownFileType = sourcecode.cpp.h; name = DA_ScrollView.hpp; path = SmartHub/SmartScrollView/DA_ScrollView.hpp; sourceTree = "<group>"; };
		4FF9BDFD17FE5A9900E27011 /* DA_ScrollView.mm */ = {isa = PBXFileReference; fileEncoding = 4; lastKnownFileType = sourcecode.cpp.objcpp; name = DA_ScrollView.mm; path = SmartHub/SmartScrollView/DA_ScrollView.mm; sourceTree = "<group>"; };
		4FF9BDFE17FE5A9900E27011 /* DA_View.hpp */ = {isa = PBXFileReference; fileEncoding = 4; lastKnownFileType = sourcecode.cpp.h; name = DA_View.hpp; path = SmartHub/SmartScrollView/DA_View.hpp; sourceTree = "<group>"; };
		4FF9BDFF17FE5A9900E27011 /* DA_View.mm */ = {isa = PBXFileReference; fileEncoding = 4; lastKnownFileType = sourcecode.cpp.objcpp; name = DA_View.mm; path = SmartHub/SmartScrollView/DA_View.mm; sourceTree = "<group>"; };
		4FF9BE0017FE5A9900E27011 /* DynamicAnimator.hpp */ = {isa = PBXFileReference; fileEncoding = 4; lastKnownFileType = sourcecode.cpp.h; name = DynamicAnimator.hpp; path = SmartHub/SmartScrollView/DynamicAnimator.hpp; sourceTree = "<group>"; };
		4FF9BE0117FE5A9900E27011 /* DynamicAnimator.mm */ = {isa = PBXFileReference; fileEncoding = 4; lastKnownFileType = sourcecode.cpp.objcpp; name = DynamicAnimator.mm; path = SmartHub/SmartScrollView/DynamicAnimator.mm; sourceTree = "<group>"; };
		4FF9BE0217FE5A9900E27011 /* DynamicScrollView.hpp */ = {isa = PBXFileReference; fileEncoding = 4; lastKnownFileType = sourcecode.cpp.h; name = DynamicScrollView.hpp; path = SmartHub/SmartScrollView/DynamicScrollView.hpp; sourceTree = "<group>"; };
		4FF9BE0317FE5A9900E27011 /* DynamicScrollView.mm */ = {isa = PBXFileReference; fileEncoding = 4; lastKnownFileType = sourcecode.cpp.objcpp; name = DynamicScrollView.mm; path = SmartHub/SmartScrollView/DynamicScrollView.mm; sourceTree = "<group>"; };
		4FF9BE0417FE5A9900E27011 /* FullscreenBounceAnimator.hpp */ = {isa = PBXFileReference; fileEncoding = 4; lastKnownFileType = sourcecode.cpp.h; name = FullscreenBounceAnimator.hpp; path = SmartHub/SmartScrollView/FullscreenBounceAnimator.hpp; sourceTree = "<group>"; };
		4FF9BE0517FE5A9900E27011 /* FullscreenBounceAnimator.mm */ = {isa = PBXFileReference; fileEncoding = 4; lastKnownFileType = sourcecode.cpp.objcpp; name = FullscreenBounceAnimator.mm; path = SmartHub/SmartScrollView/FullscreenBounceAnimator.mm; sourceTree = "<group>"; };
		4FF9BE0617FE5A9900E27011 /* SmartView.h */ = {isa = PBXFileReference; fileEncoding = 4; lastKnownFileType = sourcecode.c.h; name = SmartView.h; path = SmartHub/SmartScrollView/SmartView.h; sourceTree = "<group>"; };
		4FF9BE0717FE5A9900E27011 /* SmartView.mm */ = {isa = PBXFileReference; fileEncoding = 4; lastKnownFileType = sourcecode.cpp.objcpp; name = SmartView.mm; path = SmartHub/SmartScrollView/SmartView.mm; sourceTree = "<group>"; };
		4FF9BE0817FE5A9900E27011 /* ThumbnailAnimator.hpp */ = {isa = PBXFileReference; fileEncoding = 4; lastKnownFileType = sourcecode.cpp.h; name = ThumbnailAnimator.hpp; path = SmartHub/SmartScrollView/ThumbnailAnimator.hpp; sourceTree = "<group>"; };
		4FF9BE0917FE5A9900E27011 /* ThumbnailAnimator.mm */ = {isa = PBXFileReference; fileEncoding = 4; lastKnownFileType = sourcecode.cpp.objcpp; name = ThumbnailAnimator.mm; path = SmartHub/SmartScrollView/ThumbnailAnimator.mm; sourceTree = "<group>"; };
		4FF9BE1217FE5AC600E27011 /* EmployeeSpotlightView.xib */ = {isa = PBXFileReference; fileEncoding = 4; lastKnownFileType = file.xib; name = EmployeeSpotlightView.xib; path = SmartHub/EmployeeSpotlightView.xib; sourceTree = "<group>"; };
		4FF9BE1B17FE678000E27011 /* Partly-Cloudy-icon.png */ = {isa = PBXFileReference; lastKnownFileType = image.png; name = "Partly-Cloudy-icon.png"; path = "SmartHub/images/Partly-Cloudy-icon.png"; sourceTree = "<group>"; };
		4FF9BE1C17FE678000E27011 /* RyanS.jpg */ = {isa = PBXFileReference; lastKnownFileType = image.jpeg; name = RyanS.jpg; path = SmartHub/images/RyanS.jpg; sourceTree = "<group>"; };
		4FF9BE1D17FE678000E27011 /* solsticelogo@2x.png */ = {isa = PBXFileReference; lastKnownFileType = image.png; name = "solsticelogo@2x.png"; path = "SmartHub/images/solsticelogo@2x.png"; sourceTree = "<group>"; };
/* End PBXFileReference section */

/* Begin PBXFrameworksBuildPhase section */
		4FF9BD9217FE2D3000E27011 /* Frameworks */ = {
			isa = PBXFrameworksBuildPhase;
			buildActionMask = 2147483647;
			files = (
				14BD7A9F17FF18EB00D4F84A /* CoreBluetooth.framework in Frameworks */,
				14BD7A9D17FF18E500D4F84A /* CoreLocation.framework in Frameworks */,
				4FF9BD9B17FE2D3000E27011 /* CoreGraphics.framework in Frameworks */,
				4FF9BD9D17FE2D3000E27011 /* UIKit.framework in Frameworks */,
				4FF9BD9917FE2D3000E27011 /* Foundation.framework in Frameworks */,
			);
			runOnlyForDeploymentPostprocessing = 0;
		};
		4FF9BDB317FE2D3000E27011 /* Frameworks */ = {
			isa = PBXFrameworksBuildPhase;
			buildActionMask = 2147483647;
			files = (
				4FF9BDB817FE2D3000E27011 /* XCTest.framework in Frameworks */,
				4FF9BDBA17FE2D3000E27011 /* UIKit.framework in Frameworks */,
				4FF9BDB917FE2D3000E27011 /* Foundation.framework in Frameworks */,
			);
			runOnlyForDeploymentPostprocessing = 0;
		};
/* End PBXFrameworksBuildPhase section */

/* Begin PBXGroup section */
		4FF9BD8C17FE2D3000E27011 = {
			isa = PBXGroup;
			children = (
				4FF9BDCD17FE2DAB00E27011 /* SmartScrollView */,
				4FF9BD9E17FE2D3000E27011 /* SmartHub */,
				4FF9BDBD17FE2D3000E27011 /* SmartHubTests */,
				4FF9BD9717FE2D3000E27011 /* Frameworks */,
				4FF9BD9617FE2D3000E27011 /* Products */,
			);
			sourceTree = "<group>";
		};
		4FF9BD9617FE2D3000E27011 /* Products */ = {
			isa = PBXGroup;
			children = (
				4FF9BD9517FE2D3000E27011 /* SmartHub.app */,
				4FF9BDB617FE2D3000E27011 /* SmartHubTests.xctest */,
			);
			name = Products;
			sourceTree = "<group>";
		};
		4FF9BD9717FE2D3000E27011 /* Frameworks */ = {
			isa = PBXGroup;
			children = (
				14BD7A9E17FF18EB00D4F84A /* CoreBluetooth.framework */,
				14BD7A9C17FF18E500D4F84A /* CoreLocation.framework */,
				4FF9BD9817FE2D3000E27011 /* Foundation.framework */,
				4FF9BD9A17FE2D3000E27011 /* CoreGraphics.framework */,
				4FF9BD9C17FE2D3000E27011 /* UIKit.framework */,
				4FF9BDB717FE2D3000E27011 /* XCTest.framework */,
			);
			name = Frameworks;
			sourceTree = "<group>";
		};
		4FF9BD9E17FE2D3000E27011 /* SmartHub */ = {
			isa = PBXGroup;
			children = (
				4F86098217FF07410041D168 /* SmartWelcomeView.h */,
				4F86098317FF07410041D168 /* SmartWelcomeView.mm */,
				4FF9BDE317FE2E5600E27011 /* Screens */,
				1473288717FE61B9004FA7FE /* FastServerSocket.h */,
				1473288817FE61B9004FA7FE /* FastServerSocket.m */,
				1473288917FE61B9004FA7FE /* FastSocket.h */,
				1473288A17FE61B9004FA7FE /* FastSocket.m */,
				4FF9BDA717FE2D3000E27011 /* HubAppDelegate.h */,
				4FF9BDA817FE2D3000E27011 /* HubAppDelegate.m */,
				4FF9BDAA17FE2D3000E27011 /* Main.storyboard */,
				4FF9BDAD17FE2D3000E27011 /* HubViewController.h */,
				4FF9BDAE17FE2D3000E27011 /* HubViewController.m */,
				4F86098517FF267C0041D168 /* WelcomeViewController.h */,
				4F86098617FF267C0041D168 /* WelcomeViewController.m */,
				4FF9BDB017FE2D3000E27011 /* Images.xcassets */,
				4FF9BD9F17FE2D3000E27011 /* Supporting Files */,
				4F86097917FEF3DD0041D168 /* ClockLabel.h */,
				4F86097A17FEF3DD0041D168 /* ClockLabel.m */,
				14BD7A9917FF177200D4F84A /* Beacon.h */,
				14BD7A9A17FF177200D4F84A /* Beacon.mm */,
			);
			path = SmartHub;
			sourceTree = "<group>";
		};
		4FF9BD9F17FE2D3000E27011 /* Supporting Files */ = {
			isa = PBXGroup;
			children = (
				4FF9BDA017FE2D3000E27011 /* SmartHub-Info.plist */,
				4FF9BDA117FE2D3000E27011 /* InfoPlist.strings */,
				4FF9BDA417FE2D3000E27011 /* main.m */,
				4FF9BDA617FE2D3000E27011 /* SmartHub-Prefix.pch */,
			);
			name = "Supporting Files";
			sourceTree = "<group>";
		};
		4FF9BDBD17FE2D3000E27011 /* SmartHubTests */ = {
			isa = PBXGroup;
			children = (
				4FF9BDC317FE2D3000E27011 /* SmartHubTests.m */,
				4FF9BDBE17FE2D3000E27011 /* Supporting Files */,
			);
			path = SmartHubTests;
			sourceTree = "<group>";
		};
		4FF9BDBE17FE2D3000E27011 /* Supporting Files */ = {
			isa = PBXGroup;
			children = (
				4FF9BDBF17FE2D3000E27011 /* SmartHubTests-Info.plist */,
				4FF9BDC017FE2D3000E27011 /* InfoPlist.strings */,
			);
			name = "Supporting Files";
			sourceTree = "<group>";
		};
		4FF9BDCD17FE2DAB00E27011 /* SmartScrollView */ = {
			isa = PBXGroup;
			children = (
				4FF9BDFA17FE5A9900E27011 /* DA_Animator.hpp */,
				4FF9BDFB17FE5A9900E27011 /* DA_Animator.mm */,
				4FF9BDFC17FE5A9900E27011 /* DA_ScrollView.hpp */,
				4FF9BDFD17FE5A9900E27011 /* DA_ScrollView.mm */,
				4FF9BDFE17FE5A9900E27011 /* DA_View.hpp */,
				4FF9BDFF17FE5A9900E27011 /* DA_View.mm */,
				4FF9BE0017FE5A9900E27011 /* DynamicAnimator.hpp */,
				4FF9BE0117FE5A9900E27011 /* DynamicAnimator.mm */,
				4FF9BE0217FE5A9900E27011 /* DynamicScrollView.hpp */,
				4FF9BE0317FE5A9900E27011 /* DynamicScrollView.mm */,
				4FF9BE0417FE5A9900E27011 /* FullscreenBounceAnimator.hpp */,
				4FF9BE0517FE5A9900E27011 /* FullscreenBounceAnimator.mm */,
				4FF9BE0617FE5A9900E27011 /* SmartView.h */,
				4FF9BE0717FE5A9900E27011 /* SmartView.mm */,
				4FF9BE0817FE5A9900E27011 /* ThumbnailAnimator.hpp */,
				4FF9BE0917FE5A9900E27011 /* ThumbnailAnimator.mm */,
			);
			name = SmartScrollView;
			sourceTree = "<group>";
		};
		4FF9BDE317FE2E5600E27011 /* Screens */ = {
			isa = PBXGroup;
			children = (
				4FF9BE1A17FE677400E27011 /* Images */,
				4F86097517FEF1090041D168 /* Meetings.xib */,
				4F86097617FEF1090041D168 /* Twitter.xib */,
				14BD7AA017FF22E000D4F84A /* AwesomenessView.xib */,
				4FF9BE1217FE5AC600E27011 /* EmployeeSpotlightView.xib */,
				4FF9BDE417FE2EB500E27011 /* WeatherView.xib */,
				4F86098017FF064E0041D168 /* Welcome.xib */,
				4F86097E17FF05DB0041D168 /* Goodbye.xib */,
			);
			name = Screens;
			path = ..;
			sourceTree = "<group>";
		};
		4FF9BE1A17FE677400E27011 /* Images */ = {
			isa = PBXGroup;
			children = (
				4F2DA20217FF339700FA0FE5 /* robbie.jpg */,
				4F86098817FF27FB0041D168 /* New-York-City-Skyline.jpg */,
				14BD7AA417FF254B00D4F84A /* Hotdog.png */,
				14BD7AA517FF254B00D4F84A /* Hotdog@2x.png */,
				14BD7AA617FF254B00D4F84A /* FrontRoom.png */,
				14BD7AA717FF254B00D4F84A /* FrontRoom@2x.png */,
				14BD7AA817FF254B00D4F84A /* Starbucks.png */,
				14BD7AA917FF254B00D4F84A /* Starbucks@2x.png */,
				14BD7AAA17FF254B00D4F84A /* Boardroom.png */,
				14BD7AAB17FF254B00D4F84A /* Boardroom@2x.png */,
				14BD7AAC17FF254B00D4F84A /* Engineering.png */,
				14BD7AAD17FF254B00D4F84A /* Engineering@2x.png */,
				14BD7AAE17FF254B00D4F84A /* WestLoop.png */,
				14BD7AAF17FF254B00D4F84A /* WestLoop@2x.png */,
				14BD7AB017FF254B00D4F84A /* Lakeview.png */,
				14BD7AB117FF254B00D4F84A /* Lakeview@2x.png */,
				14BD7AB217FF254B00D4F84A /* SouthLoop.png */,
				14BD7AB317FF254B00D4F84A /* SouthLoop@2x.png */,
				14BD7AB417FF254B00D4F84A /* Streeterville.png */,
				14BD7AB517FF254B00D4F84A /* RiverEast@2x.png */,
				14BD7AB617FF254B00D4F84A /* Streeterville@2x.png */,
				14BD7AB717FF254B00D4F84A /* LincolnPark.png */,
				14BD7AB817FF254B00D4F84A /* LincolnPark@2x.png */,
				14BD7AB917FF254B00D4F84A /* RiverEast.png */,
				14BD7AA217FF237400D4F84A /* michael_cohn.jpg */,
				4F86097C17FF056A0041D168 /* sad.png */,
				4F86097317FE75910041D168 /* JohnW.jpg */,
				4FF9BE1B17FE678000E27011 /* Partly-Cloudy-icon.png */,
				4FF9BE1C17FE678000E27011 /* RyanS.jpg */,
				4FF9BE1D17FE678000E27011 /* solsticelogo@2x.png */,
			);
			name = Images;
			sourceTree = "<group>";
		};
/* End PBXGroup section */

/* Begin PBXNativeTarget section */
		4FF9BD9417FE2D3000E27011 /* SmartHub */ = {
			isa = PBXNativeTarget;
			buildConfigurationList = 4FF9BDC717FE2D3000E27011 /* Build configuration list for PBXNativeTarget "SmartHub" */;
			buildPhases = (
				4FF9BD9117FE2D3000E27011 /* Sources */,
				4FF9BD9217FE2D3000E27011 /* Frameworks */,
				4FF9BD9317FE2D3000E27011 /* Resources */,
			);
			buildRules = (
			);
			dependencies = (
			);
			name = SmartHub;
			productName = SmartHub;
			productReference = 4FF9BD9517FE2D3000E27011 /* SmartHub.app */;
			productType = "com.apple.product-type.application";
		};
		4FF9BDB517FE2D3000E27011 /* SmartHubTests */ = {
			isa = PBXNativeTarget;
			buildConfigurationList = 4FF9BDCA17FE2D3000E27011 /* Build configuration list for PBXNativeTarget "SmartHubTests" */;
			buildPhases = (
				4FF9BDB217FE2D3000E27011 /* Sources */,
				4FF9BDB317FE2D3000E27011 /* Frameworks */,
				4FF9BDB417FE2D3000E27011 /* Resources */,
			);
			buildRules = (
			);
			dependencies = (
				4FF9BDBC17FE2D3000E27011 /* PBXTargetDependency */,
			);
			name = SmartHubTests;
			productName = SmartHubTests;
			productReference = 4FF9BDB617FE2D3000E27011 /* SmartHubTests.xctest */;
			productType = "com.apple.product-type.bundle.unit-test";
		};
/* End PBXNativeTarget section */

/* Begin PBXProject section */
		4FF9BD8D17FE2D3000E27011 /* Project object */ = {
			isa = PBXProject;
			attributes = {
				CLASSPREFIX = Hub;
				LastUpgradeCheck = 0500;
				ORGANIZATIONNAME = "Daher Alfawares";
				TargetAttributes = {
					4FF9BDB517FE2D3000E27011 = {
						TestTargetID = 4FF9BD9417FE2D3000E27011;
					};
				};
			};
			buildConfigurationList = 4FF9BD9017FE2D3000E27011 /* Build configuration list for PBXProject "SmartHub" */;
			compatibilityVersion = "Xcode 3.2";
			developmentRegion = English;
			hasScannedForEncodings = 0;
			knownRegions = (
				en,
				Base,
			);
			mainGroup = 4FF9BD8C17FE2D3000E27011;
			productRefGroup = 4FF9BD9617FE2D3000E27011 /* Products */;
			projectDirPath = "";
			projectRoot = "";
			targets = (
				4FF9BD9417FE2D3000E27011 /* SmartHub */,
				4FF9BDB517FE2D3000E27011 /* SmartHubTests */,
			);
		};
/* End PBXProject section */

/* Begin PBXResourcesBuildPhase section */
		4FF9BD9317FE2D3000E27011 /* Resources */ = {
			isa = PBXResourcesBuildPhase;
			buildActionMask = 2147483647;
			files = (
				4F86097F17FF05DB0041D168 /* Goodbye.xib in Resources */,
				14BD7ACE17FF254B00D4F84A /* LincolnPark@2x.png in Resources */,
				4FF9BDB117FE2D3000E27011 /* Images.xcassets in Resources */,
				4FF9BE1F17FE678000E27011 /* RyanS.jpg in Resources */,
				4FF9BDA317FE2D3000E27011 /* InfoPlist.strings in Resources */,
				14BD7AA117FF22E000D4F84A /* AwesomenessView.xib in Resources */,
				4FF9BDAC17FE2D3000E27011 /* Main.storyboard in Resources */,
				14BD7ABA17FF254B00D4F84A /* Hotdog.png in Resources */,
				14BD7ACA17FF254B00D4F84A /* Streeterville.png in Resources */,
				14BD7ABE17FF254B00D4F84A /* Starbucks.png in Resources */,
				4F86097417FE75910041D168 /* JohnW.jpg in Resources */,
				4FF9BDE517FE2EB500E27011 /* WeatherView.xib in Resources */,
				14BD7AC317FF254B00D4F84A /* Engineering@2x.png in Resources */,
				14BD7AC117FF254B00D4F84A /* Boardroom@2x.png in Resources */,
				14BD7AC817FF254B00D4F84A /* SouthLoop.png in Resources */,
				14BD7ACC17FF254B00D4F84A /* Streeterville@2x.png in Resources */,
				14BD7AC417FF254B00D4F84A /* WestLoop.png in Resources */,
				14BD7AC617FF254B00D4F84A /* Lakeview.png in Resources */,
				4F86097D17FF056A0041D168 /* sad.png in Resources */,
				14BD7ABF17FF254B00D4F84A /* Starbucks@2x.png in Resources */,
				14BD7ACB17FF254B00D4F84A /* RiverEast@2x.png in Resources */,
				14BD7AC717FF254B00D4F84A /* Lakeview@2x.png in Resources */,
				14BD7AA317FF237400D4F84A /* michael_cohn.jpg in Resources */,
				4F86098117FF064E0041D168 /* Welcome.xib in Resources */,
				4F86098917FF27FB0041D168 /* New-York-City-Skyline.jpg in Resources */,
				14BD7ACD17FF254B00D4F84A /* LincolnPark.png in Resources */,
				14BD7AC517FF254B00D4F84A /* WestLoop@2x.png in Resources */,
				4FF9BE1E17FE678000E27011 /* Partly-Cloudy-icon.png in Resources */,
				14BD7AC017FF254B00D4F84A /* Boardroom.png in Resources */,
				14BD7ABC17FF254B00D4F84A /* FrontRoom.png in Resources */,
				14BD7ABB17FF254B00D4F84A /* Hotdog@2x.png in Resources */,
				4F86097817FEF1090041D168 /* Twitter.xib in Resources */,
				14BD7ACF17FF254B00D4F84A /* RiverEast.png in Resources */,
				14BD7AC917FF254B00D4F84A /* SouthLoop@2x.png in Resources */,
				14BD7AC217FF254B00D4F84A /* Engineering.png in Resources */,
				4FF9BE1417FE5AC600E27011 /* EmployeeSpotlightView.xib in Resources */,
				4F2DA20317FF339700FA0FE5 /* robbie.jpg in Resources */,
				4FF9BE2017FE678000E27011 /* solsticelogo@2x.png in Resources */,
				4F86097717FEF1090041D168 /* Meetings.xib in Resources */,
				14BD7ABD17FF254B00D4F84A /* FrontRoom@2x.png in Resources */,
			);
			runOnlyForDeploymentPostprocessing = 0;
		};
		4FF9BDB417FE2D3000E27011 /* Resources */ = {
			isa = PBXResourcesBuildPhase;
			buildActionMask = 2147483647;
			files = (
				4FF9BDC217FE2D3000E27011 /* InfoPlist.strings in Resources */,
			);
			runOnlyForDeploymentPostprocessing = 0;
		};
/* End PBXResourcesBuildPhase section */

/* Begin PBXSourcesBuildPhase section */
		4FF9BD9117FE2D3000E27011 /* Sources */ = {
			isa = PBXSourcesBuildPhase;
			buildActionMask = 2147483647;
			files = (
				4FF9BE1017FE5A9900E27011 /* SmartView.mm in Sources */,
				4FF9BDA917FE2D3000E27011 /* HubAppDelegate.m in Sources */,
				4FF9BE0A17FE5A9900E27011 /* DA_Animator.mm in Sources */,
				4F86098417FF07410041D168 /* SmartWelcomeView.mm in Sources */,
				1473288B17FE61B9004FA7FE /* FastServerSocket.m in Sources */,
				4FF9BDAF17FE2D3000E27011 /* HubViewController.m in Sources */,
				4FF9BE0F17FE5A9900E27011 /* FullscreenBounceAnimator.mm in Sources */,
				1473288C17FE61B9004FA7FE /* FastSocket.m in Sources */,
				4FF9BE0E17FE5A9900E27011 /* DynamicScrollView.mm in Sources */,
				4FF9BE0C17FE5A9900E27011 /* DA_View.mm in Sources */,
				4F86097B17FEF3DD0041D168 /* ClockLabel.m in Sources */,
				14BD7A9B17FF177200D4F84A /* Beacon.mm in Sources */,
				4FF9BDA517FE2D3000E27011 /* main.m in Sources */,
				4F86098717FF267C0041D168 /* WelcomeViewController.m in Sources */,
				4FF9BE1117FE5A9900E27011 /* ThumbnailAnimator.mm in Sources */,
				4FF9BE0B17FE5A9900E27011 /* DA_ScrollView.mm in Sources */,
				4FF9BE0D17FE5A9900E27011 /* DynamicAnimator.mm in Sources */,
			);
			runOnlyForDeploymentPostprocessing = 0;
		};
		4FF9BDB217FE2D3000E27011 /* Sources */ = {
			isa = PBXSourcesBuildPhase;
			buildActionMask = 2147483647;
			files = (
				4FF9BDC417FE2D3000E27011 /* SmartHubTests.m in Sources */,
			);
			runOnlyForDeploymentPostprocessing = 0;
		};
/* End PBXSourcesBuildPhase section */

/* Begin PBXTargetDependency section */
		4FF9BDBC17FE2D3000E27011 /* PBXTargetDependency */ = {
			isa = PBXTargetDependency;
			target = 4FF9BD9417FE2D3000E27011 /* SmartHub */;
			targetProxy = 4FF9BDBB17FE2D3000E27011 /* PBXContainerItemProxy */;
		};
/* End PBXTargetDependency section */

/* Begin PBXVariantGroup section */
		4FF9BDA117FE2D3000E27011 /* InfoPlist.strings */ = {
			isa = PBXVariantGroup;
			children = (
				4FF9BDA217FE2D3000E27011 /* en */,
			);
			name = InfoPlist.strings;
			sourceTree = "<group>";
		};
		4FF9BDAA17FE2D3000E27011 /* Main.storyboard */ = {
			isa = PBXVariantGroup;
			children = (
				4FF9BDAB17FE2D3000E27011 /* Base */,
			);
			name = Main.storyboard;
			sourceTree = "<group>";
		};
		4FF9BDC017FE2D3000E27011 /* InfoPlist.strings */ = {
			isa = PBXVariantGroup;
			children = (
				4FF9BDC117FE2D3000E27011 /* en */,
			);
			name = InfoPlist.strings;
			sourceTree = "<group>";
		};
/* End PBXVariantGroup section */

/* Begin XCBuildConfiguration section */
		4FF9BDC517FE2D3000E27011 /* Debug */ = {
			isa = XCBuildConfiguration;
			buildSettings = {
				ALWAYS_SEARCH_USER_PATHS = NO;
				ARCHS = "$(ARCHS_STANDARD_INCLUDING_64_BIT)";
				CLANG_CXX_LANGUAGE_STANDARD = "gnu++0x";
				CLANG_CXX_LIBRARY = "libc++";
				CLANG_ENABLE_MODULES = YES;
				CLANG_ENABLE_OBJC_ARC = YES;
				CLANG_WARN_BOOL_CONVERSION = YES;
				CLANG_WARN_CONSTANT_CONVERSION = YES;
				CLANG_WARN_DIRECT_OBJC_ISA_USAGE = YES_ERROR;
				CLANG_WARN_EMPTY_BODY = YES;
				CLANG_WARN_ENUM_CONVERSION = YES;
				CLANG_WARN_INT_CONVERSION = YES;
				CLANG_WARN_OBJC_ROOT_CLASS = YES_ERROR;
				CLANG_WARN__DUPLICATE_METHOD_MATCH = YES;
				"CODE_SIGN_IDENTITY[sdk=iphoneos*]" = "iPhone Developer";
				COPY_PHASE_STRIP = NO;
				GCC_C_LANGUAGE_STANDARD = gnu99;
				GCC_DYNAMIC_NO_PIC = NO;
				GCC_OPTIMIZATION_LEVEL = 0;
				GCC_PREPROCESSOR_DEFINITIONS = (
					"DEBUG=1",
					"$(inherited)",
				);
				GCC_SYMBOLS_PRIVATE_EXTERN = NO;
				GCC_WARN_64_TO_32_BIT_CONVERSION = YES;
				GCC_WARN_ABOUT_RETURN_TYPE = YES_ERROR;
				GCC_WARN_UNDECLARED_SELECTOR = YES;
				GCC_WARN_UNINITIALIZED_AUTOS = YES;
				GCC_WARN_UNUSED_FUNCTION = YES;
				GCC_WARN_UNUSED_VARIABLE = YES;
				IPHONEOS_DEPLOYMENT_TARGET = 7.0;
				ONLY_ACTIVE_ARCH = YES;
				SDKROOT = iphoneos;
				TARGETED_DEVICE_FAMILY = 2;
			};
			name = Debug;
		};
		4FF9BDC617FE2D3000E27011 /* Release */ = {
			isa = XCBuildConfiguration;
			buildSettings = {
				ALWAYS_SEARCH_USER_PATHS = NO;
				ARCHS = "$(ARCHS_STANDARD_INCLUDING_64_BIT)";
				CLANG_CXX_LANGUAGE_STANDARD = "gnu++0x";
				CLANG_CXX_LIBRARY = "libc++";
				CLANG_ENABLE_MODULES = YES;
				CLANG_ENABLE_OBJC_ARC = YES;
				CLANG_WARN_BOOL_CONVERSION = YES;
				CLANG_WARN_CONSTANT_CONVERSION = YES;
				CLANG_WARN_DIRECT_OBJC_ISA_USAGE = YES_ERROR;
				CLANG_WARN_EMPTY_BODY = YES;
				CLANG_WARN_ENUM_CONVERSION = YES;
				CLANG_WARN_INT_CONVERSION = YES;
				CLANG_WARN_OBJC_ROOT_CLASS = YES_ERROR;
				CLANG_WARN__DUPLICATE_METHOD_MATCH = YES;
				"CODE_SIGN_IDENTITY[sdk=iphoneos*]" = "iPhone Developer";
				COPY_PHASE_STRIP = YES;
				ENABLE_NS_ASSERTIONS = NO;
				GCC_C_LANGUAGE_STANDARD = gnu99;
				GCC_WARN_64_TO_32_BIT_CONVERSION = YES;
				GCC_WARN_ABOUT_RETURN_TYPE = YES_ERROR;
				GCC_WARN_UNDECLARED_SELECTOR = YES;
				GCC_WARN_UNINITIALIZED_AUTOS = YES;
				GCC_WARN_UNUSED_FUNCTION = YES;
				GCC_WARN_UNUSED_VARIABLE = YES;
				IPHONEOS_DEPLOYMENT_TARGET = 7.0;
				SDKROOT = iphoneos;
				TARGETED_DEVICE_FAMILY = 2;
				VALIDATE_PRODUCT = YES;
			};
			name = Release;
		};
		4FF9BDC817FE2D3000E27011 /* Debug */ = {
			isa = XCBuildConfiguration;
			buildSettings = {
				ASSETCATALOG_COMPILER_APPICON_NAME = AppIcon;
				ASSETCATALOG_COMPILER_LAUNCHIMAGE_NAME = LaunchImage;
				GCC_PRECOMPILE_PREFIX_HEADER = YES;
				GCC_PREFIX_HEADER = "SmartHub/SmartHub-Prefix.pch";
				INFOPLIST_FILE = "SmartHub/SmartHub-Info.plist";
				PRODUCT_NAME = "$(TARGET_NAME)";
				WRAPPER_EXTENSION = app;
			};
			name = Debug;
		};
		4FF9BDC917FE2D3000E27011 /* Release */ = {
			isa = XCBuildConfiguration;
			buildSettings = {
				ASSETCATALOG_COMPILER_APPICON_NAME = AppIcon;
				ASSETCATALOG_COMPILER_LAUNCHIMAGE_NAME = LaunchImage;
				GCC_PRECOMPILE_PREFIX_HEADER = YES;
				GCC_PREFIX_HEADER = "SmartHub/SmartHub-Prefix.pch";
				INFOPLIST_FILE = "SmartHub/SmartHub-Info.plist";
				PRODUCT_NAME = "$(TARGET_NAME)";
				WRAPPER_EXTENSION = app;
			};
			name = Release;
		};
		4FF9BDCB17FE2D3000E27011 /* Debug */ = {
			isa = XCBuildConfiguration;
			buildSettings = {
				ARCHS = "$(ARCHS_STANDARD_INCLUDING_64_BIT)";
				BUNDLE_LOADER = "$(BUILT_PRODUCTS_DIR)/SmartHub.app/SmartHub";
				FRAMEWORK_SEARCH_PATHS = (
					"$(SDKROOT)/Developer/Library/Frameworks",
					"$(inherited)",
					"$(DEVELOPER_FRAMEWORKS_DIR)",
				);
				GCC_PRECOMPILE_PREFIX_HEADER = YES;
				GCC_PREFIX_HEADER = "SmartHub/SmartHub-Prefix.pch";
				GCC_PREPROCESSOR_DEFINITIONS = (
					"DEBUG=1",
					"$(inherited)",
				);
				INFOPLIST_FILE = "SmartHubTests/SmartHubTests-Info.plist";
				PRODUCT_NAME = "$(TARGET_NAME)";
				TEST_HOST = "$(BUNDLE_LOADER)";
				WRAPPER_EXTENSION = xctest;
			};
			name = Debug;
		};
		4FF9BDCC17FE2D3000E27011 /* Release */ = {
			isa = XCBuildConfiguration;
			buildSettings = {
				ARCHS = "$(ARCHS_STANDARD_INCLUDING_64_BIT)";
				BUNDLE_LOADER = "$(BUILT_PRODUCTS_DIR)/SmartHub.app/SmartHub";
				FRAMEWORK_SEARCH_PATHS = (
					"$(SDKROOT)/Developer/Library/Frameworks",
					"$(inherited)",
					"$(DEVELOPER_FRAMEWORKS_DIR)",
				);
				GCC_PRECOMPILE_PREFIX_HEADER = YES;
				GCC_PREFIX_HEADER = "SmartHub/SmartHub-Prefix.pch";
				INFOPLIST_FILE = "SmartHubTests/SmartHubTests-Info.plist";
				PRODUCT_NAME = "$(TARGET_NAME)";
				TEST_HOST = "$(BUNDLE_LOADER)";
				WRAPPER_EXTENSION = xctest;
			};
			name = Release;
		};
/* End XCBuildConfiguration section */

/* Begin XCConfigurationList section */
		4FF9BD9017FE2D3000E27011 /* Build configuration list for PBXProject "SmartHub" */ = {
			isa = XCConfigurationList;
			buildConfigurations = (
				4FF9BDC517FE2D3000E27011 /* Debug */,
				4FF9BDC617FE2D3000E27011 /* Release */,
			);
			defaultConfigurationIsVisible = 0;
			defaultConfigurationName = Release;
		};
		4FF9BDC717FE2D3000E27011 /* Build configuration list for PBXNativeTarget "SmartHub" */ = {
			isa = XCConfigurationList;
			buildConfigurations = (
				4FF9BDC817FE2D3000E27011 /* Debug */,
				4FF9BDC917FE2D3000E27011 /* Release */,
			);
			defaultConfigurationIsVisible = 0;
			defaultConfigurationName = Release;
		};
		4FF9BDCA17FE2D3000E27011 /* Build configuration list for PBXNativeTarget "SmartHubTests" */ = {
			isa = XCConfigurationList;
			buildConfigurations = (
				4FF9BDCB17FE2D3000E27011 /* Debug */,
				4FF9BDCC17FE2D3000E27011 /* Release */,
			);
			defaultConfigurationIsVisible = 0;
			defaultConfigurationName = Release;
		};
/* End XCConfigurationList section */
	};
	rootObject = 4FF9BD8D17FE2D3000E27011 /* Project object */;
}
