// !$*UTF8*$!
{
	archiveVersion = 1;
	classes = {
	};
	objectVersion = 46;
	objects = {

/* Begin PBXBuildFile section */
		6E34EB6F18077E4B00420E3A /* Foundation.framework in Frameworks */ = {isa = PBXBuildFile; fileRef = 6E34EB6E18077E4B00420E3A /* Foundation.framework */; };
		6E34EB7118077E4B00420E3A /* CoreGraphics.framework in Frameworks */ = {isa = PBXBuildFile; fileRef = 6E34EB7018077E4B00420E3A /* CoreGraphics.framework */; };
		6E34EB7318077E4B00420E3A /* UIKit.framework in Frameworks */ = {isa = PBXBuildFile; fileRef = 6E34EB7218077E4B00420E3A /* UIKit.framework */; };
		6E34EB7918077E4B00420E3A /* InfoPlist.strings in Resources */ = {isa = PBXBuildFile; fileRef = 6E34EB7718077E4B00420E3A /* InfoPlist.strings */; };
		6E34EB7B18077E4B00420E3A /* main.m in Sources */ = {isa = PBXBuildFile; fileRef = 6E34EB7A18077E4B00420E3A /* main.m */; };
		6E34EB7F18077E4B00420E3A /* AppDelegate.m in Sources */ = {isa = PBXBuildFile; fileRef = 6E34EB7E18077E4B00420E3A /* AppDelegate.m */; };
		6E34EB8218077E4B00420E3A /* Main.storyboard in Resources */ = {isa = PBXBuildFile; fileRef = 6E34EB8018077E4B00420E3A /* Main.storyboard */; };
		6E34EB8518077E4B00420E3A /* ViewController.m in Sources */ = {isa = PBXBuildFile; fileRef = 6E34EB8418077E4B00420E3A /* ViewController.m */; };
		6E34EB8718077E4B00420E3A /* Images.xcassets in Resources */ = {isa = PBXBuildFile; fileRef = 6E34EB8618077E4B00420E3A /* Images.xcassets */; };
		6E34EB8E18077E4B00420E3A /* XCTest.framework in Frameworks */ = {isa = PBXBuildFile; fileRef = 6E34EB8D18077E4B00420E3A /* XCTest.framework */; };
		6E34EB8F18077E4B00420E3A /* Foundation.framework in Frameworks */ = {isa = PBXBuildFile; fileRef = 6E34EB6E18077E4B00420E3A /* Foundation.framework */; };
		6E34EB9018077E4B00420E3A /* UIKit.framework in Frameworks */ = {isa = PBXBuildFile; fileRef = 6E34EB7218077E4B00420E3A /* UIKit.framework */; };
		6E34EB9818077E4B00420E3A /* InfoPlist.strings in Resources */ = {isa = PBXBuildFile; fileRef = 6E34EB9618077E4B00420E3A /* InfoPlist.strings */; };
		6E34EB9A18077E4B00420E3A /* BeaconMapTests.m in Sources */ = {isa = PBXBuildFile; fileRef = 6E34EB9918077E4B00420E3A /* BeaconMapTests.m */; };
/* End PBXBuildFile section */

/* Begin PBXContainerItemProxy section */
		6E34EB9118077E4B00420E3A /* PBXContainerItemProxy */ = {
			isa = PBXContainerItemProxy;
			containerPortal = 6E34EB6318077E4B00420E3A /* Project object */;
			proxyType = 1;
			remoteGlobalIDString = 6E34EB6A18077E4B00420E3A;
			remoteInfo = BeaconMap;
		};
/* End PBXContainerItemProxy section */

/* Begin PBXFileReference section */
		6E34EB6B18077E4B00420E3A /* BeaconMap.app */ = {isa = PBXFileReference; explicitFileType = wrapper.application; includeInIndex = 0; path = BeaconMap.app; sourceTree = BUILT_PRODUCTS_DIR; };
		6E34EB6E18077E4B00420E3A /* Foundation.framework */ = {isa = PBXFileReference; lastKnownFileType = wrapper.framework; name = Foundation.framework; path = System/Library/Frameworks/Foundation.framework; sourceTree = SDKROOT; };
		6E34EB7018077E4B00420E3A /* CoreGraphics.framework */ = {isa = PBXFileReference; lastKnownFileType = wrapper.framework; name = CoreGraphics.framework; path = System/Library/Frameworks/CoreGraphics.framework; sourceTree = SDKROOT; };
		6E34EB7218077E4B00420E3A /* UIKit.framework */ = {isa = PBXFileReference; lastKnownFileType = wrapper.framework; name = UIKit.framework; path = System/Library/Frameworks/UIKit.framework; sourceTree = SDKROOT; };
		6E34EB7618077E4B00420E3A /* BeaconMap-Info.plist */ = {isa = PBXFileReference; lastKnownFileType = text.plist.xml; path = "BeaconMap-Info.plist"; sourceTree = "<group>"; };
		6E34EB7818077E4B00420E3A /* en */ = {isa = PBXFileReference; lastKnownFileType = text.plist.strings; name = en; path = en.lproj/InfoPlist.strings; sourceTree = "<group>"; };
		6E34EB7A18077E4B00420E3A /* main.m */ = {isa = PBXFileReference; lastKnownFileType = sourcecode.c.objc; path = main.m; sourceTree = "<group>"; };
		6E34EB7C18077E4B00420E3A /* BeaconMap-Prefix.pch */ = {isa = PBXFileReference; lastKnownFileType = sourcecode.c.h; path = "BeaconMap-Prefix.pch"; sourceTree = "<group>"; };
		6E34EB7D18077E4B00420E3A /* AppDelegate.h */ = {isa = PBXFileReference; lastKnownFileType = sourcecode.c.h; path = AppDelegate.h; sourceTree = "<group>"; };
		6E34EB7E18077E4B00420E3A /* AppDelegate.m */ = {isa = PBXFileReference; lastKnownFileType = sourcecode.c.objc; path = AppDelegate.m; sourceTree = "<group>"; };
		6E34EB8118077E4B00420E3A /* Base */ = {isa = PBXFileReference; lastKnownFileType = file.storyboard; name = Base; path = Base.lproj/Main.storyboard; sourceTree = "<group>"; };
		6E34EB8318077E4B00420E3A /* ViewController.h */ = {isa = PBXFileReference; lastKnownFileType = sourcecode.c.h; path = ViewController.h; sourceTree = "<group>"; };
		6E34EB8418077E4B00420E3A /* ViewController.m */ = {isa = PBXFileReference; lastKnownFileType = sourcecode.c.objc; path = ViewController.m; sourceTree = "<group>"; };
		6E34EB8618077E4B00420E3A /* Images.xcassets */ = {isa = PBXFileReference; lastKnownFileType = folder.assetcatalog; path = Images.xcassets; sourceTree = "<group>"; };
		6E34EB8C18077E4B00420E3A /* BeaconMapTests.xctest */ = {isa = PBXFileReference; explicitFileType = wrapper.cfbundle; includeInIndex = 0; path = BeaconMapTests.xctest; sourceTree = BUILT_PRODUCTS_DIR; };
		6E34EB8D18077E4B00420E3A /* XCTest.framework */ = {isa = PBXFileReference; lastKnownFileType = wrapper.framework; name = XCTest.framework; path = Library/Frameworks/XCTest.framework; sourceTree = DEVELOPER_DIR; };
		6E34EB9518077E4B00420E3A /* BeaconMapTests-Info.plist */ = {isa = PBXFileReference; lastKnownFileType = text.plist.xml; path = "BeaconMapTests-Info.plist"; sourceTree = "<group>"; };
		6E34EB9718077E4B00420E3A /* en */ = {isa = PBXFileReference; lastKnownFileType = text.plist.strings; name = en; path = en.lproj/InfoPlist.strings; sourceTree = "<group>"; };
		6E34EB9918077E4B00420E3A /* BeaconMapTests.m */ = {isa = PBXFileReference; lastKnownFileType = sourcecode.c.objc; path = BeaconMapTests.m; sourceTree = "<group>"; };
/* End PBXFileReference section */

/* Begin PBXFrameworksBuildPhase section */
		6E34EB6818077E4B00420E3A /* Frameworks */ = {
			isa = PBXFrameworksBuildPhase;
			buildActionMask = 2147483647;
			files = (
				6E34EB7118077E4B00420E3A /* CoreGraphics.framework in Frameworks */,
				6E34EB7318077E4B00420E3A /* UIKit.framework in Frameworks */,
				6E34EB6F18077E4B00420E3A /* Foundation.framework in Frameworks */,
			);
			runOnlyForDeploymentPostprocessing = 0;
		};
		6E34EB8918077E4B00420E3A /* Frameworks */ = {
			isa = PBXFrameworksBuildPhase;
			buildActionMask = 2147483647;
			files = (
				6E34EB8E18077E4B00420E3A /* XCTest.framework in Frameworks */,
				6E34EB9018077E4B00420E3A /* UIKit.framework in Frameworks */,
				6E34EB8F18077E4B00420E3A /* Foundation.framework in Frameworks */,
			);
			runOnlyForDeploymentPostprocessing = 0;
		};
/* End PBXFrameworksBuildPhase section */

/* Begin PBXGroup section */
		6E34EB6218077E4B00420E3A = {
			isa = PBXGroup;
			children = (
				6E34EB7418077E4B00420E3A /* BeaconMap */,
				6E34EB9318077E4B00420E3A /* BeaconMapTests */,
				6E34EB6D18077E4B00420E3A /* Frameworks */,
				6E34EB6C18077E4B00420E3A /* Products */,
			);
			sourceTree = "<group>";
		};
		6E34EB6C18077E4B00420E3A /* Products */ = {
			isa = PBXGroup;
			children = (
				6E34EB6B18077E4B00420E3A /* BeaconMap.app */,
				6E34EB8C18077E4B00420E3A /* BeaconMapTests.xctest */,
			);
			name = Products;
			sourceTree = "<group>";
		};
		6E34EB6D18077E4B00420E3A /* Frameworks */ = {
			isa = PBXGroup;
			children = (
				6E34EB6E18077E4B00420E3A /* Foundation.framework */,
				6E34EB7018077E4B00420E3A /* CoreGraphics.framework */,
				6E34EB7218077E4B00420E3A /* UIKit.framework */,
				6E34EB8D18077E4B00420E3A /* XCTest.framework */,
			);
			name = Frameworks;
			sourceTree = "<group>";
		};
		6E34EB7418077E4B00420E3A /* BeaconMap */ = {
			isa = PBXGroup;
			children = (
				6E34EB7D18077E4B00420E3A /* AppDelegate.h */,
				6E34EB7E18077E4B00420E3A /* AppDelegate.m */,
				6E34EB8018077E4B00420E3A /* Main.storyboard */,
				6E34EB8318077E4B00420E3A /* ViewController.h */,
				6E34EB8418077E4B00420E3A /* ViewController.m */,
				6E34EB8618077E4B00420E3A /* Images.xcassets */,
				6E34EB7518077E4B00420E3A /* Supporting Files */,
			);
			path = BeaconMap;
			sourceTree = "<group>";
		};
		6E34EB7518077E4B00420E3A /* Supporting Files */ = {
			isa = PBXGroup;
			children = (
				6E34EB7618077E4B00420E3A /* BeaconMap-Info.plist */,
				6E34EB7718077E4B00420E3A /* InfoPlist.strings */,
				6E34EB7A18077E4B00420E3A /* main.m */,
				6E34EB7C18077E4B00420E3A /* BeaconMap-Prefix.pch */,
			);
			name = "Supporting Files";
			sourceTree = "<group>";
		};
		6E34EB9318077E4B00420E3A /* BeaconMapTests */ = {
			isa = PBXGroup;
			children = (
				6E34EB9918077E4B00420E3A /* BeaconMapTests.m */,
				6E34EB9418077E4B00420E3A /* Supporting Files */,
			);
			path = BeaconMapTests;
			sourceTree = "<group>";
		};
		6E34EB9418077E4B00420E3A /* Supporting Files */ = {
			isa = PBXGroup;
			children = (
				6E34EB9518077E4B00420E3A /* BeaconMapTests-Info.plist */,
				6E34EB9618077E4B00420E3A /* InfoPlist.strings */,
			);
			name = "Supporting Files";
			sourceTree = "<group>";
		};
/* End PBXGroup section */

/* Begin PBXNativeTarget section */
		6E34EB6A18077E4B00420E3A /* BeaconMap */ = {
			isa = PBXNativeTarget;
			buildConfigurationList = 6E34EB9D18077E4B00420E3A /* Build configuration list for PBXNativeTarget "BeaconMap" */;
			buildPhases = (
				6E34EB6718077E4B00420E3A /* Sources */,
				6E34EB6818077E4B00420E3A /* Frameworks */,
				6E34EB6918077E4B00420E3A /* Resources */,
			);
			buildRules = (
			);
			dependencies = (
			);
			name = BeaconMap;
			productName = BeaconMap;
			productReference = 6E34EB6B18077E4B00420E3A /* BeaconMap.app */;
			productType = "com.apple.product-type.application";
		};
		6E34EB8B18077E4B00420E3A /* BeaconMapTests */ = {
			isa = PBXNativeTarget;
			buildConfigurationList = 6E34EBA018077E4B00420E3A /* Build configuration list for PBXNativeTarget "BeaconMapTests" */;
			buildPhases = (
				6E34EB8818077E4B00420E3A /* Sources */,
				6E34EB8918077E4B00420E3A /* Frameworks */,
				6E34EB8A18077E4B00420E3A /* Resources */,
			);
			buildRules = (
			);
			dependencies = (
				6E34EB9218077E4B00420E3A /* PBXTargetDependency */,
			);
			name = BeaconMapTests;
			productName = BeaconMapTests;
			productReference = 6E34EB8C18077E4B00420E3A /* BeaconMapTests.xctest */;
			productType = "com.apple.product-type.bundle.unit-test";
		};
/* End PBXNativeTarget section */

/* Begin PBXProject section */
		6E34EB6318077E4B00420E3A /* Project object */ = {
			isa = PBXProject;
			attributes = {
				LastUpgradeCheck = 0500;
				ORGANIZATIONNAME = "Solstice Mobile";
				TargetAttributes = {
					6E34EB8B18077E4B00420E3A = {
						TestTargetID = 6E34EB6A18077E4B00420E3A;
					};
				};
			};
			buildConfigurationList = 6E34EB6618077E4B00420E3A /* Build configuration list for PBXProject "BeaconMap" */;
			compatibilityVersion = "Xcode 3.2";
			developmentRegion = English;
			hasScannedForEncodings = 0;
			knownRegions = (
				en,
				Base,
			);
			mainGroup = 6E34EB6218077E4B00420E3A;
			productRefGroup = 6E34EB6C18077E4B00420E3A /* Products */;
			projectDirPath = "";
			projectRoot = "";
			targets = (
				6E34EB6A18077E4B00420E3A /* BeaconMap */,
				6E34EB8B18077E4B00420E3A /* BeaconMapTests */,
			);
		};
/* End PBXProject section */

/* Begin PBXResourcesBuildPhase section */
		6E34EB6918077E4B00420E3A /* Resources */ = {
			isa = PBXResourcesBuildPhase;
			buildActionMask = 2147483647;
			files = (
				6E34EB8718077E4B00420E3A /* Images.xcassets in Resources */,
				6E34EB7918077E4B00420E3A /* InfoPlist.strings in Resources */,
				6E34EB8218077E4B00420E3A /* Main.storyboard in Resources */,
			);
			runOnlyForDeploymentPostprocessing = 0;
		};
		6E34EB8A18077E4B00420E3A /* Resources */ = {
			isa = PBXResourcesBuildPhase;
			buildActionMask = 2147483647;
			files = (
				6E34EB9818077E4B00420E3A /* InfoPlist.strings in Resources */,
			);
			runOnlyForDeploymentPostprocessing = 0;
		};
/* End PBXResourcesBuildPhase section */

/* Begin PBXSourcesBuildPhase section */
		6E34EB6718077E4B00420E3A /* Sources */ = {
			isa = PBXSourcesBuildPhase;
			buildActionMask = 2147483647;
			files = (
				6E34EB8518077E4B00420E3A /* ViewController.m in Sources */,
				6E34EB7F18077E4B00420E3A /* AppDelegate.m in Sources */,
				6E34EB7B18077E4B00420E3A /* main.m in Sources */,
			);
			runOnlyForDeploymentPostprocessing = 0;
		};
		6E34EB8818077E4B00420E3A /* Sources */ = {
			isa = PBXSourcesBuildPhase;
			buildActionMask = 2147483647;
			files = (
				6E34EB9A18077E4B00420E3A /* BeaconMapTests.m in Sources */,
			);
			runOnlyForDeploymentPostprocessing = 0;
		};
/* End PBXSourcesBuildPhase section */

/* Begin PBXTargetDependency section */
		6E34EB9218077E4B00420E3A /* PBXTargetDependency */ = {
			isa = PBXTargetDependency;
			target = 6E34EB6A18077E4B00420E3A /* BeaconMap */;
			targetProxy = 6E34EB9118077E4B00420E3A /* PBXContainerItemProxy */;
		};
/* End PBXTargetDependency section */

/* Begin PBXVariantGroup section */
		6E34EB7718077E4B00420E3A /* InfoPlist.strings */ = {
			isa = PBXVariantGroup;
			children = (
				6E34EB7818077E4B00420E3A /* en */,
			);
			name = InfoPlist.strings;
			sourceTree = "<group>";
		};
		6E34EB8018077E4B00420E3A /* Main.storyboard */ = {
			isa = PBXVariantGroup;
			children = (
				6E34EB8118077E4B00420E3A /* Base */,
			);
			name = Main.storyboard;
			sourceTree = "<group>";
		};
		6E34EB9618077E4B00420E3A /* InfoPlist.strings */ = {
			isa = PBXVariantGroup;
			children = (
				6E34EB9718077E4B00420E3A /* en */,
			);
			name = InfoPlist.strings;
			sourceTree = "<group>";
		};
/* End PBXVariantGroup section */

/* Begin XCBuildConfiguration section */
		6E34EB9B18077E4B00420E3A /* Debug */ = {
			isa = XCBuildConfiguration;
			buildSettings = {
				ALWAYS_SEARCH_USER_PATHS = NO;
				ARCHS = "$(ARCHS_STANDARD_INCLUDING_64_BIT)";
				CLANG_CXX_LANGUAGE_STANDARD = "gnu++0x";
				CLANG_CXX_LIBRARY = "libc++";
				CLANG_ENABLE_MODULES = YES;
				CLANG_ENABLE_OBJC_ARC = YES;
				CLANG_WARN_BOOL_CONVERSION = YES;
				CLANG_WARN_CONSTANT_CONVERSION = YES;
				CLANG_WARN_DIRECT_OBJC_ISA_USAGE = YES_ERROR;
				CLANG_WARN_EMPTY_BODY = YES;
				CLANG_WARN_ENUM_CONVERSION = YES;
				CLANG_WARN_INT_CONVERSION = YES;
				CLANG_WARN_OBJC_ROOT_CLASS = YES_ERROR;
				CLANG_WARN__DUPLICATE_METHOD_MATCH = YES;
				"CODE_SIGN_IDENTITY[sdk=iphoneos*]" = "iPhone Developer";
				COPY_PHASE_STRIP = NO;
				GCC_C_LANGUAGE_STANDARD = gnu99;
				GCC_DYNAMIC_NO_PIC = NO;
				GCC_OPTIMIZATION_LEVEL = 0;
				GCC_PREPROCESSOR_DEFINITIONS = (
					"DEBUG=1",
					"$(inherited)",
				);
				GCC_SYMBOLS_PRIVATE_EXTERN = NO;
				GCC_TREAT_WARNINGS_AS_ERRORS = NO;
				GCC_WARN_64_TO_32_BIT_CONVERSION = YES;
				GCC_WARN_ABOUT_RETURN_TYPE = YES_ERROR;
				GCC_WARN_UNDECLARED_SELECTOR = YES;
				GCC_WARN_UNINITIALIZED_AUTOS = YES;
				GCC_WARN_UNUSED_FUNCTION = YES;
				GCC_WARN_UNUSED_VARIABLE = YES;
				IPHONEOS_DEPLOYMENT_TARGET = 7.0;
				ONLY_ACTIVE_ARCH = YES;
				SDKROOT = iphoneos;
			};
			name = Debug;
		};
		6E34EB9C18077E4B00420E3A /* Release */ = {
			isa = XCBuildConfiguration;
			buildSettings = {
				ALWAYS_SEARCH_USER_PATHS = NO;
				ARCHS = "$(ARCHS_STANDARD_INCLUDING_64_BIT)";
				CLANG_CXX_LANGUAGE_STANDARD = "gnu++0x";
				CLANG_CXX_LIBRARY = "libc++";
				CLANG_ENABLE_MODULES = YES;
				CLANG_ENABLE_OBJC_ARC = YES;
				CLANG_WARN_BOOL_CONVERSION = YES;
				CLANG_WARN_CONSTANT_CONVERSION = YES;
				CLANG_WARN_DIRECT_OBJC_ISA_USAGE = YES_ERROR;
				CLANG_WARN_EMPTY_BODY = YES;
				CLANG_WARN_ENUM_CONVERSION = YES;
				CLANG_WARN_INT_CONVERSION = YES;
				CLANG_WARN_OBJC_ROOT_CLASS = YES_ERROR;
				CLANG_WARN__DUPLICATE_METHOD_MATCH = YES;
				"CODE_SIGN_IDENTITY[sdk=iphoneos*]" = "iPhone Developer";
				COPY_PHASE_STRIP = YES;
				ENABLE_NS_ASSERTIONS = NO;
				GCC_C_LANGUAGE_STANDARD = gnu99;
				GCC_TREAT_WARNINGS_AS_ERRORS = NO;
				GCC_WARN_64_TO_32_BIT_CONVERSION = YES;
				GCC_WARN_ABOUT_RETURN_TYPE = YES_ERROR;
				GCC_WARN_UNDECLARED_SELECTOR = YES;
				GCC_WARN_UNINITIALIZED_AUTOS = YES;
				GCC_WARN_UNUSED_FUNCTION = YES;
				GCC_WARN_UNUSED_VARIABLE = YES;
				IPHONEOS_DEPLOYMENT_TARGET = 7.0;
				SDKROOT = iphoneos;
				VALIDATE_PRODUCT = YES;
			};
			name = Release;
		};
		6E34EB9E18077E4B00420E3A /* Debug */ = {
			isa = XCBuildConfiguration;
			buildSettings = {
				ASSETCATALOG_COMPILER_APPICON_NAME = AppIcon;
				ASSETCATALOG_COMPILER_LAUNCHIMAGE_NAME = LaunchImage;
				GCC_PRECOMPILE_PREFIX_HEADER = YES;
				GCC_PREFIX_HEADER = "BeaconMap/BeaconMap-Prefix.pch";
				INFOPLIST_FILE = "BeaconMap/BeaconMap-Info.plist";
				PRODUCT_NAME = "$(TARGET_NAME)";
				WRAPPER_EXTENSION = app;
			};
			name = Debug;
		};
		6E34EB9F18077E4B00420E3A /* Release */ = {
			isa = XCBuildConfiguration;
			buildSettings = {
				ASSETCATALOG_COMPILER_APPICON_NAME = AppIcon;
				ASSETCATALOG_COMPILER_LAUNCHIMAGE_NAME = LaunchImage;
				GCC_PRECOMPILE_PREFIX_HEADER = YES;
				GCC_PREFIX_HEADER = "BeaconMap/BeaconMap-Prefix.pch";
				INFOPLIST_FILE = "BeaconMap/BeaconMap-Info.plist";
				PRODUCT_NAME = "$(TARGET_NAME)";
				WRAPPER_EXTENSION = app;
			};
			name = Release;
		};
		6E34EBA118077E4B00420E3A /* Debug */ = {
			isa = XCBuildConfiguration;
			buildSettings = {
				ARCHS = "$(ARCHS_STANDARD_INCLUDING_64_BIT)";
				BUNDLE_LOADER = "$(BUILT_PRODUCTS_DIR)/BeaconMap.app/BeaconMap";
				FRAMEWORK_SEARCH_PATHS = (
					"$(SDKROOT)/Developer/Library/Frameworks",
					"$(inherited)",
					"$(DEVELOPER_FRAMEWORKS_DIR)",
				);
				GCC_PRECOMPILE_PREFIX_HEADER = YES;
				GCC_PREFIX_HEADER = "BeaconMap/BeaconMap-Prefix.pch";
				GCC_PREPROCESSOR_DEFINITIONS = (
					"DEBUG=1",
					"$(inherited)",
				);
				INFOPLIST_FILE = "BeaconMapTests/BeaconMapTests-Info.plist";
				PRODUCT_NAME = "$(TARGET_NAME)";
				TEST_HOST = "$(BUNDLE_LOADER)";
				WRAPPER_EXTENSION = xctest;
			};
			name = Debug;
		};
		6E34EBA218077E4B00420E3A /* Release */ = {
			isa = XCBuildConfiguration;
			buildSettings = {
				ARCHS = "$(ARCHS_STANDARD_INCLUDING_64_BIT)";
				BUNDLE_LOADER = "$(BUILT_PRODUCTS_DIR)/BeaconMap.app/BeaconMap";
				FRAMEWORK_SEARCH_PATHS = (
					"$(SDKROOT)/Developer/Library/Frameworks",
					"$(inherited)",
					"$(DEVELOPER_FRAMEWORKS_DIR)",
				);
				GCC_PRECOMPILE_PREFIX_HEADER = YES;
				GCC_PREFIX_HEADER = "BeaconMap/BeaconMap-Prefix.pch";
				INFOPLIST_FILE = "BeaconMapTests/BeaconMapTests-Info.plist";
				PRODUCT_NAME = "$(TARGET_NAME)";
				TEST_HOST = "$(BUNDLE_LOADER)";
				WRAPPER_EXTENSION = xctest;
			};
			name = Release;
		};
/* End XCBuildConfiguration section */

/* Begin XCConfigurationList section */
		6E34EB6618077E4B00420E3A /* Build configuration list for PBXProject "BeaconMap" */ = {
			isa = XCConfigurationList;
			buildConfigurations = (
				6E34EB9B18077E4B00420E3A /* Debug */,
				6E34EB9C18077E4B00420E3A /* Release */,
			);
			defaultConfigurationIsVisible = 0;
			defaultConfigurationName = Release;
		};
		6E34EB9D18077E4B00420E3A /* Build configuration list for PBXNativeTarget "BeaconMap" */ = {
			isa = XCConfigurationList;
			buildConfigurations = (
				6E34EB9E18077E4B00420E3A /* Debug */,
				6E34EB9F18077E4B00420E3A /* Release */,
			);
			defaultConfigurationIsVisible = 0;
			defaultConfigurationName = Release;
		};
		6E34EBA018077E4B00420E3A /* Build configuration list for PBXNativeTarget "BeaconMapTests" */ = {
			isa = XCConfigurationList;
			buildConfigurations = (
				6E34EBA118077E4B00420E3A /* Debug */,
				6E34EBA218077E4B00420E3A /* Release */,
			);
			defaultConfigurationIsVisible = 0;
			defaultConfigurationName = Release;
		};
/* End XCConfigurationList section */
	};
	rootObject = 6E34EB6318077E4B00420E3A /* Project object */;
}
